
Microsoft Visual Studio Solution File, Format Version 12.00
# Visual Studio Version 17
VisualStudioVersion = 17.14.36202.13 d17.14
MinimumVisualStudioVersion = 10.0.40219.1
Project("{FAE04EC0-301F-11D3-BF4B-00C04F79EFBC}") = "CryptoApp.API", "CryptoApp.API\CryptoApp.API.csproj", "{6EC0D376-444C-4315-AFBF-B7A50A45776E}"
EndProject
Project("{FAE04EC0-301F-11D3-BF4B-00C04F79EFBC}") = "CryptoApp.Application", "CryptoApp.Application\CryptoApp.Application.csproj", "{54D9690F-A77A-4200-8375-E5CEB21845FA}"
EndProject
Project("{FAE04EC0-301F-11D3-BF4B-00C04F79EFBC}") = "CryptoApp.Core", "CryptoApp.Core\CryptoApp.Core.csproj", "{DA04C7FC-81A1-465C-8074-5F8877B052FA}"
EndProject
Project("{FAE04EC0-301F-11D3-BF4B-00C04F79EFBC}") = "CryptoApp.DataAccess", "CryptoApp.DataAccess\CryptoApp.DataAccess.csproj", "{00F8E34C-6039-4826-BFC2-EF57AF04E85E}"
EndProject
Global
	GlobalSection(SolutionConfigurationPlatforms) = preSolution
		Debug|Any CPU = Debug|Any CPU
		Release|Any CPU = Release|Any CPU
	EndGlobalSection
	GlobalSection(ProjectConfigurationPlatforms) = postSolution
		{6EC0D376-444C-4315-AFBF-B7A50A45776E}.Debug|Any CPU.ActiveCfg = Debug|Any CPU
		{6EC0D376-444C-4315-AFBF-B7A50A45776E}.Debug|Any CPU.Build.0 = Debug|Any CPU
		{6EC0D376-444C-4315-AFBF-B7A50A45776E}.Release|Any CPU.ActiveCfg = Release|Any CPU
		{6EC0D376-444C-4315-AFBF-B7A50A45776E}.Release|Any CPU.Build.0 = Release|Any CPU
		{54D9690F-A77A-4200-8375-E5CEB21845FA}.Debug|Any CPU.ActiveCfg = Debug|Any CPU
		{54D9690F-A77A-4200-8375-E5CEB21845FA}.Debug|Any CPU.Build.0 = Debug|Any CPU
		{54D9690F-A77A-4200-8375-E5CEB21845FA}.Release|Any CPU.ActiveCfg = Release|Any CPU
		{54D9690F-A77A-4200-8375-E5CEB21845FA}.Release|Any CPU.Build.0 = Release|Any CPU
		{DA04C7FC-81A1-465C-8074-5F8877B052FA}.Debug|Any CPU.ActiveCfg = Debug|Any CPU
		{DA04C7FC-81A1-465C-8074-5F8877B052FA}.Debug|Any CPU.Build.0 = Debug|Any CPU
		{DA04C7FC-81A1-465C-8074-5F8877B052FA}.Release|Any CPU.ActiveCfg = Release|Any CPU
		{DA04C7FC-81A1-465C-8074-5F8877B052FA}.Release|Any CPU.Build.0 = Release|Any CPU
		{00F8E34C-6039-4826-BFC2-EF57AF04E85E}.Debug|Any CPU.ActiveCfg = Debug|Any CPU
		{00F8E34C-6039-4826-BFC2-EF57AF04E85E}.Debug|Any CPU.Build.0 = Debug|Any CPU
		{00F8E34C-6039-4826-BFC2-EF57AF04E85E}.Release|Any CPU.ActiveCfg = Release|Any CPU
		{00F8E34C-6039-4826-BFC2-EF57AF04E85E}.Release|Any CPU.Build.0 = Release|Any CPU
	EndGlobalSection
	GlobalSection(SolutionProperties) = preSolution
		HideSolutionNode = FALSE
	EndGlobalSection
	GlobalSection(ExtensibilityGlobals) = postSolution
		SolutionGuid = {9F403D23-610C-4E8E-B38A-FC4BA34E52B3}
	EndGlobalSection
EndGlobal
